
Microsoft Visual Studio Solution File, Format Version 12.00
# Visual Studio Version 17
VisualStudioVersion = 17.8.34322.80
MinimumVisualStudioVersion = 10.0.40219.1
Project("{FAE04EC0-301F-11D3-BF4B-00C04F79EFBC}") = "GeneMap.WebUI", "GeneMap.WebUI\GeneMap.WebUI.csproj", "{7F6914F5-3DA8-486F-8548-B369FB957E66}"
EndProject
Project("{FAE04EC0-301F-11D3-BF4B-00C04F79EFBC}") = "GeneMap.BLL", "GeneMap.BLL\GeneMap.BLL.csproj", "{9FEC4B79-2188-4807-85FA-2972A075851A}"
EndProject
Global
	GlobalSection(SolutionConfigurationPlatforms) = preSolution
		Debug|Any CPU = Debug|Any CPU
		Release|Any CPU = Release|Any CPU
	EndGlobalSection
	GlobalSection(ProjectConfigurationPlatforms) = postSolution
		{7F6914F5-3DA8-486F-8548-B369FB957E66}.Debug|Any CPU.ActiveCfg = Debug|Any CPU
		{7F6914F5-3DA8-486F-8548-B369FB957E66}.Debug|Any CPU.Build.0 = Debug|Any CPU
		{7F6914F5-3DA8-486F-8548-B369FB957E66}.Release|Any CPU.ActiveCfg = Release|Any CPU
		{7F6914F5-3DA8-486F-8548-B369FB957E66}.Release|Any CPU.Build.0 = Release|Any CPU
		{9FEC4B79-2188-4807-85FA-2972A075851A}.Debug|Any CPU.ActiveCfg = Debug|Any CPU
		{9FEC4B79-2188-4807-85FA-2972A075851A}.Debug|Any CPU.Build.0 = Debug|Any CPU
		{9FEC4B79-2188-4807-85FA-2972A075851A}.Release|Any CPU.ActiveCfg = Release|Any CPU
		{9FEC4B79-2188-4807-85FA-2972A075851A}.Release|Any CPU.Build.0 = Release|Any CPU
	EndGlobalSection
	GlobalSection(SolutionProperties) = preSolution
		HideSolutionNode = FALSE
	EndGlobalSection
	GlobalSection(ExtensibilityGlobals) = postSolution
		SolutionGuid = {CF383591-EDA0-4157-9070-D0DFF9E69442}
	EndGlobalSection
EndGlobal
